
Microsoft Visual Studio Solution File, Format Version 12.00
# Visual Studio Version 17
VisualStudioVersion = 17.9.34622.214
MinimumVisualStudioVersion = 10.0.40219.1
Project("{9A19103F-16F7-4668-BE54-9A1E7A4F7556}") = "Construction.Shared", "Construction.Shared\Construction.Shared.csproj", "{8F9159E3-6EA8-40B6-9472-209236180920}"
EndProject
Project("{9A19103F-16F7-4668-BE54-9A1E7A4F7556}") = "Construction.API", "Construction.API\Construction.API.csproj", "{79417DF4-87A1-4CC9-B6AC-1C330543BC6C}"
EndProject
Project("{9A19103F-16F7-4668-BE54-9A1E7A4F7556}") = "Construction.WEB", "Construction.WEB\Construction.WEB.csproj", "{A8C0E310-C165-4D68-A6A5-523C58938612}"
EndProject
Global
	GlobalSection(SolutionConfigurationPlatforms) = preSolution
		Debug|Any CPU = Debug|Any CPU
		Release|Any CPU = Release|Any CPU
	EndGlobalSection
	GlobalSection(ProjectConfigurationPlatforms) = postSolution
		{8F9159E3-6EA8-40B6-9472-209236180920}.Debug|Any CPU.ActiveCfg = Debug|Any CPU
		{8F9159E3-6EA8-40B6-9472-209236180920}.Debug|Any CPU.Build.0 = Debug|Any CPU
		{8F9159E3-6EA8-40B6-9472-209236180920}.Release|Any CPU.ActiveCfg = Release|Any CPU
		{8F9159E3-6EA8-40B6-9472-209236180920}.Release|Any CPU.Build.0 = Release|Any CPU
		{79417DF4-87A1-4CC9-B6AC-1C330543BC6C}.Debug|Any CPU.ActiveCfg = Debug|Any CPU
		{79417DF4-87A1-4CC9-B6AC-1C330543BC6C}.Debug|Any CPU.Build.0 = Debug|Any CPU
		{79417DF4-87A1-4CC9-B6AC-1C330543BC6C}.Release|Any CPU.ActiveCfg = Release|Any CPU
		{79417DF4-87A1-4CC9-B6AC-1C330543BC6C}.Release|Any CPU.Build.0 = Release|Any CPU
		{A8C0E310-C165-4D68-A6A5-523C58938612}.Debug|Any CPU.ActiveCfg = Debug|Any CPU
		{A8C0E310-C165-4D68-A6A5-523C58938612}.Debug|Any CPU.Build.0 = Debug|Any CPU
		{A8C0E310-C165-4D68-A6A5-523C58938612}.Release|Any CPU.ActiveCfg = Release|Any CPU
		{A8C0E310-C165-4D68-A6A5-523C58938612}.Release|Any CPU.Build.0 = Release|Any CPU
	EndGlobalSection
	GlobalSection(SolutionProperties) = preSolution
		HideSolutionNode = FALSE
	EndGlobalSection
	GlobalSection(ExtensibilityGlobals) = postSolution
		SolutionGuid = {5D7F95A4-2A74-49F7-8616-7D05A9917DDE}
	EndGlobalSection
EndGlobal
